// !$*UTF8*$!
{
	archiveVersion = 1;
	classes = {
	};
	objectVersion = 50;
	objects = {

/* Begin PBXBuildFile section */
		CC38EDE3262FA68A00774B6F /* AddViewController.swift in Sources */ = {isa = PBXBuildFile; fileRef = CC38EDE2262FA68A00774B6F /* AddViewController.swift */; };
		CC38EDE8262FADBC00774B6F /* BookStoreDelegate.swift in Sources */ = {isa = PBXBuildFile; fileRef = CC38EDE7262FADBC00774B6F /* BookStoreDelegate.swift */; };
		CC3ED6B625F30FA400D16A0A /* AppDelegate.swift in Sources */ = {isa = PBXBuildFile; fileRef = CC3ED6B525F30FA400D16A0A /* AppDelegate.swift */; };
		CC3ED6B825F30FA400D16A0A /* SceneDelegate.swift in Sources */ = {isa = PBXBuildFile; fileRef = CC3ED6B725F30FA400D16A0A /* SceneDelegate.swift */; };
		CC3ED6BA25F30FA400D16A0A /* MasterViewController.swift in Sources */ = {isa = PBXBuildFile; fileRef = CC3ED6B925F30FA400D16A0A /* MasterViewController.swift */; };
		CC3ED6BD25F30FA400D16A0A /* Main.storyboard in Resources */ = {isa = PBXBuildFile; fileRef = CC3ED6BB25F30FA400D16A0A /* Main.storyboard */; };
		CC3ED6BF25F30FA600D16A0A /* Assets.xcassets in Resources */ = {isa = PBXBuildFile; fileRef = CC3ED6BE25F30FA600D16A0A /* Assets.xcassets */; };
		CC3ED6C225F30FA600D16A0A /* LaunchScreen.storyboard in Resources */ = {isa = PBXBuildFile; fileRef = CC3ED6C025F30FA600D16A0A /* LaunchScreen.storyboard */; };
		CC3ED6CB25F30FC500D16A0A /* Book.swift in Sources */ = {isa = PBXBuildFile; fileRef = CC3ED6CA25F30FC500D16A0A /* Book.swift */; };
		CC3ED6CE25F30FD800D16A0A /* BookStore.swift in Sources */ = {isa = PBXBuildFile; fileRef = CC3ED6CD25F30FD800D16A0A /* BookStore.swift */; };
		CC3ED6D125F315BB00D16A0A /* DetailViewController.swift in Sources */ = {isa = PBXBuildFile; fileRef = CC3ED6D025F315BB00D16A0A /* DetailViewController.swift */; };
/* End PBXBuildFile section */

/* Begin PBXFileReference section */
		CC38EDE2262FA68A00774B6F /* AddViewController.swift */ = {isa = PBXFileReference; lastKnownFileType = sourcecode.swift; path = AddViewController.swift; sourceTree = "<group>"; };
		CC38EDE7262FADBC00774B6F /* BookStoreDelegate.swift */ = {isa = PBXFileReference; lastKnownFileType = sourcecode.swift; path = BookStoreDelegate.swift; sourceTree = "<group>"; };
		CC3ED6B225F30FA400D16A0A /* BookStore.app */ = {isa = PBXFileReference; explicitFileType = wrapper.application; includeInIndex = 0; path = BookStore.app; sourceTree = BUILT_PRODUCTS_DIR; };
		CC3ED6B525F30FA400D16A0A /* AppDelegate.swift */ = {isa = PBXFileReference; lastKnownFileType = sourcecode.swift; path = AppDelegate.swift; sourceTree = "<group>"; };
		CC3ED6B725F30FA400D16A0A /* SceneDelegate.swift */ = {isa = PBXFileReference; lastKnownFileType = sourcecode.swift; path = SceneDelegate.swift; sourceTree = "<group>"; };
		CC3ED6B925F30FA400D16A0A /* MasterViewController.swift */ = {isa = PBXFileReference; lastKnownFileType = sourcecode.swift; path = MasterViewController.swift; sourceTree = "<group>"; };
		CC3ED6BC25F30FA400D16A0A /* Base */ = {isa = PBXFileReference; lastKnownFileType = file.storyboard; name = Base; path = Base.lproj/Main.storyboard; sourceTree = "<group>"; };
		CC3ED6BE25F30FA600D16A0A /* Assets.xcassets */ = {isa = PBXFileReference; lastKnownFileType = folder.assetcatalog; path = Assets.xcassets; sourceTree = "<group>"; };
		CC3ED6C125F30FA600D16A0A /* Base */ = {isa = PBXFileReference; lastKnownFileType = file.storyboard; name = Base; path = Base.lproj/LaunchScreen.storyboard; sourceTree = "<group>"; };
		CC3ED6C325F30FA600D16A0A /* Info.plist */ = {isa = PBXFileReference; lastKnownFileType = text.plist.xml; path = Info.plist; sourceTree = "<group>"; };
		CC3ED6CA25F30FC500D16A0A /* Book.swift */ = {isa = PBXFileReference; lastKnownFileType = sourcecode.swift; path = Book.swift; sourceTree = "<group>"; };
		CC3ED6CD25F30FD800D16A0A /* BookStore.swift */ = {isa = PBXFileReference; lastKnownFileType = sourcecode.swift; path = BookStore.swift; sourceTree = "<group>"; };
		CC3ED6D025F315BB00D16A0A /* DetailViewController.swift */ = {isa = PBXFileReference; lastKnownFileType = sourcecode.swift; path = DetailViewController.swift; sourceTree = "<group>"; };
/* End PBXFileReference section */

/* Begin PBXFrameworksBuildPhase section */
		CC3ED6AF25F30FA400D16A0A /* Frameworks */ = {
			isa = PBXFrameworksBuildPhase;
			buildActionMask = 2147483647;
			files = (
			);
			runOnlyForDeploymentPostprocessing = 0;
		};
/* End PBXFrameworksBuildPhase section */

/* Begin PBXGroup section */
		CC0FA1B826461D91007882CE /* storyboard */ = {
			isa = PBXGroup;
			children = (
				CC3ED6BB25F30FA400D16A0A /* Main.storyboard */,
				CC3ED6C025F30FA600D16A0A /* LaunchScreen.storyboard */,
			);
			path = storyboard;
			sourceTree = "<group>";
		};
		CC0FA1B926461DA0007882CE /* delegate */ = {
			isa = PBXGroup;
			children = (
				CC3ED6B525F30FA400D16A0A /* AppDelegate.swift */,
				CC3ED6B725F30FA400D16A0A /* SceneDelegate.swift */,
				CC38EDE7262FADBC00774B6F /* BookStoreDelegate.swift */,
			);
			path = delegate;
			sourceTree = "<group>";
		};
		CC0FA1BB26461DB9007882CE /* controller */ = {
			isa = PBXGroup;
			children = (
				CC3ED6B925F30FA400D16A0A /* MasterViewController.swift */,
				CC3ED6D025F315BB00D16A0A /* DetailViewController.swift */,
				CC38EDE2262FA68A00774B6F /* AddViewController.swift */,
			);
			path = controller;
			sourceTree = "<group>";
		};
		CC0FA1BD26461DE3007882CE /* model */ = {
			isa = PBXGroup;
			children = (
				CC3ED6CA25F30FC500D16A0A /* Book.swift */,
			);
			path = model;
			sourceTree = "<group>";
		};
		CC0FA1BF26461DF5007882CE /* util */ = {
			isa = PBXGroup;
			children = (
				CC3ED6CD25F30FD800D16A0A /* BookStore.swift */,
			);
			path = util;
			sourceTree = "<group>";
		};
		CC3ED6A925F30FA400D16A0A = {
			isa = PBXGroup;
			children = (
				CC3ED6B425F30FA400D16A0A /* BookStore */,
				CC3ED6B325F30FA400D16A0A /* Products */,
			);
			sourceTree = "<group>";
		};
		CC3ED6B325F30FA400D16A0A /* Products */ = {
			isa = PBXGroup;
			children = (
				CC3ED6B225F30FA400D16A0A /* BookStore.app */,
			);
			name = Products;
			sourceTree = "<group>";
		};
		CC3ED6B425F30FA400D16A0A /* BookStore */ = {
			isa = PBXGroup;
			children = (
				CC0FA1B926461DA0007882CE /* delegate */,
				CC0FA1B826461D91007882CE /* storyboard */,
				CC0FA1BB26461DB9007882CE /* controller */,
				CC0FA1BD26461DE3007882CE /* model */,
				CC0FA1BF26461DF5007882CE /* util */,
				CC3ED6C325F30FA600D16A0A /* Info.plist */,
				CC3ED6BE25F30FA600D16A0A /* Assets.xcassets */,
			);
			path = BookStore;
			sourceTree = "<group>";
		};
/* End PBXGroup section */

/* Begin PBXNativeTarget section */
		CC3ED6B125F30FA400D16A0A /* BookStore */ = {
			isa = PBXNativeTarget;
			buildConfigurationList = CC3ED6C625F30FA600D16A0A /* Build configuration list for PBXNativeTarget "BookStore" */;
			buildPhases = (
				CC3ED6AE25F30FA400D16A0A /* Sources */,
				CC3ED6AF25F30FA400D16A0A /* Frameworks */,
				CC3ED6B025F30FA400D16A0A /* Resources */,
			);
			buildRules = (
			);
			dependencies = (
			);
			name = BookStore;
			productName = BookStore;
			productReference = CC3ED6B225F30FA400D16A0A /* BookStore.app */;
			productType = "com.apple.product-type.application";
		};
/* End PBXNativeTarget section */

/* Begin PBXProject section */
		CC3ED6AA25F30FA400D16A0A /* Project object */ = {
			isa = PBXProject;
			attributes = {
				LastSwiftUpdateCheck = 1240;
				LastUpgradeCheck = 1240;
				TargetAttributes = {
					CC3ED6B125F30FA400D16A0A = {
						CreatedOnToolsVersion = 12.4;
					};
				};
			};
			buildConfigurationList = CC3ED6AD25F30FA400D16A0A /* Build configuration list for PBXProject "BookStore" */;
			compatibilityVersion = "Xcode 9.3";
			developmentRegion = en;
			hasScannedForEncodings = 0;
			knownRegions = (
				en,
				Base,
			);
			mainGroup = CC3ED6A925F30FA400D16A0A;
			productRefGroup = CC3ED6B325F30FA400D16A0A /* Products */;
			projectDirPath = "";
			projectRoot = "";
			targets = (
				CC3ED6B125F30FA400D16A0A /* BookStore */,
			);
		};
/* End PBXProject section */

/* Begin PBXResourcesBuildPhase section */
		CC3ED6B025F30FA400D16A0A /* Resources */ = {
			isa = PBXResourcesBuildPhase;
			buildActionMask = 2147483647;
			files = (
				CC3ED6C225F30FA600D16A0A /* LaunchScreen.storyboard in Resources */,
				CC3ED6BF25F30FA600D16A0A /* Assets.xcassets in Resources */,
				CC3ED6BD25F30FA400D16A0A /* Main.storyboard in Resources */,
			);
			runOnlyForDeploymentPostprocessing = 0;
		};
/* End PBXResourcesBuildPhase section */

/* Begin PBXSourcesBuildPhase section */
		CC3ED6AE25F30FA400D16A0A /* Sources */ = {
			isa = PBXSourcesBuildPhase;
			buildActionMask = 2147483647;
			files = (
				CC3ED6CB25F30FC500D16A0A /* Book.swift in Sources */,
				CC3ED6BA25F30FA400D16A0A /* MasterViewController.swift in Sources */,
				CC38EDE3262FA68A00774B6F /* AddViewController.swift in Sources */,
				CC3ED6B625F30FA400D16A0A /* AppDelegate.swift in Sources */,
				CC3ED6D125F315BB00D16A0A /* DetailViewController.swift in Sources */,
				CC38EDE8262FADBC00774B6F /* BookStoreDelegate.swift in Sources */,
				CC3ED6CE25F30FD800D16A0A /* BookStore.swift in Sources */,
				CC3ED6B825F30FA400D16A0A /* SceneDelegate.swift in Sources */,
			);
			runOnlyForDeploymentPostprocessing = 0;
		};
/* End PBXSourcesBuildPhase section */

/* Begin PBXVariantGroup section */
		CC3ED6BB25F30FA400D16A0A /* Main.storyboard */ = {
			isa = PBXVariantGroup;
			children = (
				CC3ED6BC25F30FA400D16A0A /* Base */,
			);
			name = Main.storyboard;
			sourceTree = "<group>";
		};
		CC3ED6C025F30FA600D16A0A /* LaunchScreen.storyboard */ = {
			isa = PBXVariantGroup;
			children = (
				CC3ED6C125F30FA600D16A0A /* Base */,
			);
			name = LaunchScreen.storyboard;
			sourceTree = "<group>";
		};
/* End PBXVariantGroup section */

/* Begin XCBuildConfiguration section */
		CC3ED6C425F30FA600D16A0A /* Debug */ = {
			isa = XCBuildConfiguration;
			buildSettings = {
				ALWAYS_SEARCH_USER_PATHS = NO;
				CLANG_ANALYZER_NONNULL = YES;
				CLANG_ANALYZER_NUMBER_OBJECT_CONVERSION = YES_AGGRESSIVE;
				CLANG_CXX_LANGUAGE_STANDARD = "gnu++14";
				CLANG_CXX_LIBRARY = "libc++";
				CLANG_ENABLE_MODULES = YES;
				CLANG_ENABLE_OBJC_ARC = YES;
				CLANG_ENABLE_OBJC_WEAK = YES;
				CLANG_WARN_BLOCK_CAPTURE_AUTORELEASING = YES;
				CLANG_WARN_BOOL_CONVERSION = YES;
				CLANG_WARN_COMMA = YES;
				CLANG_WARN_CONSTANT_CONVERSION = YES;
				CLANG_WARN_DEPRECATED_OBJC_IMPLEMENTATIONS = YES;
				CLANG_WARN_DIRECT_OBJC_ISA_USAGE = YES_ERROR;
				CLANG_WARN_DOCUMENTATION_COMMENTS = YES;
				CLANG_WARN_EMPTY_BODY = YES;
				CLANG_WARN_ENUM_CONVERSION = YES;
				CLANG_WARN_INFINITE_RECURSION = YES;
				CLANG_WARN_INT_CONVERSION = YES;
				CLANG_WARN_NON_LITERAL_NULL_CONVERSION = YES;
				CLANG_WARN_OBJC_IMPLICIT_RETAIN_SELF = YES;
				CLANG_WARN_OBJC_LITERAL_CONVERSION = YES;
				CLANG_WARN_OBJC_ROOT_CLASS = YES_ERROR;
				CLANG_WARN_QUOTED_INCLUDE_IN_FRAMEWORK_HEADER = YES;
				CLANG_WARN_RANGE_LOOP_ANALYSIS = YES;
				CLANG_WARN_STRICT_PROTOTYPES = YES;
				CLANG_WARN_SUSPICIOUS_MOVE = YES;
				CLANG_WARN_UNGUARDED_AVAILABILITY = YES_AGGRESSIVE;
				CLANG_WARN_UNREACHABLE_CODE = YES;
				CLANG_WARN__DUPLICATE_METHOD_MATCH = YES;
				COPY_PHASE_STRIP = NO;
				DEBUG_INFORMATION_FORMAT = dwarf;
				ENABLE_STRICT_OBJC_MSGSEND = YES;
				ENABLE_TESTABILITY = YES;
				GCC_C_LANGUAGE_STANDARD = gnu11;
				GCC_DYNAMIC_NO_PIC = NO;
				GCC_NO_COMMON_BLOCKS = YES;
				GCC_OPTIMIZATION_LEVEL = 0;
				GCC_PREPROCESSOR_DEFINITIONS = (
					"DEBUG=1",
					"$(inherited)",
				);
				GCC_WARN_64_TO_32_BIT_CONVERSION = YES;
				GCC_WARN_ABOUT_RETURN_TYPE = YES_ERROR;
				GCC_WARN_UNDECLARED_SELECTOR = YES;
				GCC_WARN_UNINITIALIZED_AUTOS = YES_AGGRESSIVE;
				GCC_WARN_UNUSED_FUNCTION = YES;
				GCC_WARN_UNUSED_VARIABLE = YES;
				IPHONEOS_DEPLOYMENT_TARGET = 14.4;
				MTL_ENABLE_DEBUG_INFO = INCLUDE_SOURCE;
				MTL_FAST_MATH = YES;
				ONLY_ACTIVE_ARCH = YES;
				SDKROOT = iphoneos;
				SWIFT_ACTIVE_COMPILATION_CONDITIONS = DEBUG;
				SWIFT_OPTIMIZATION_LEVEL = "-Onone";
			};
			name = Debug;
		};
		CC3ED6C525F30FA600D16A0A /* Release */ = {
			isa = XCBuildConfiguration;
			buildSettings = {
				ALWAYS_SEARCH_USER_PATHS = NO;
				CLANG_ANALYZER_NONNULL = YES;
				CLANG_ANALYZER_NUMBER_OBJECT_CONVERSION = YES_AGGRESSIVE;
				CLANG_CXX_LANGUAGE_STANDARD = "gnu++14";
				CLANG_CXX_LIBRARY = "libc++";
				CLANG_ENABLE_MODULES = YES;
				CLANG_ENABLE_OBJC_ARC = YES;
				CLANG_ENABLE_OBJC_WEAK = YES;
				CLANG_WARN_BLOCK_CAPTURE_AUTORELEASING = YES;
				CLANG_WARN_BOOL_CONVERSION = YES;
				CLANG_WARN_COMMA = YES;
				CLANG_WARN_CONSTANT_CONVERSION = YES;
				CLANG_WARN_DEPRECATED_OBJC_IMPLEMENTATIONS = YES;
				CLANG_WARN_DIRECT_OBJC_ISA_USAGE = YES_ERROR;
				CLANG_WARN_DOCUMENTATION_COMMENTS = YES;
				CLANG_WARN_EMPTY_BODY = YES;
				CLANG_WARN_ENUM_CONVERSION = YES;
				CLANG_WARN_INFINITE_RECURSION = YES;
				CLANG_WARN_INT_CONVERSION = YES;
				CLANG_WARN_NON_LITERAL_NULL_CONVERSION = YES;
				CLANG_WARN_OBJC_IMPLICIT_RETAIN_SELF = YES;
				CLANG_WARN_OBJC_LITERAL_CONVERSION = YES;
				CLANG_WARN_OBJC_ROOT_CLASS = YES_ERROR;
				CLANG_WARN_QUOTED_INCLUDE_IN_FRAMEWORK_HEADER = YES;
				CLANG_WARN_RANGE_LOOP_ANALYSIS = YES;
				CLANG_WARN_STRICT_PROTOTYPES = YES;
				CLANG_WARN_SUSPICIOUS_MOVE = YES;
				CLANG_WARN_UNGUARDED_AVAILABILITY = YES_AGGRESSIVE;
				CLANG_WARN_UNREACHABLE_CODE = YES;
				CLANG_WARN__DUPLICATE_METHOD_MATCH = YES;
				COPY_PHASE_STRIP = NO;
				DEBUG_INFORMATION_FORMAT = "dwarf-with-dsym";
				ENABLE_NS_ASSERTIONS = NO;
				ENABLE_STRICT_OBJC_MSGSEND = YES;
				GCC_C_LANGUAGE_STANDARD = gnu11;
				GCC_NO_COMMON_BLOCKS = YES;
				GCC_WARN_64_TO_32_BIT_CONVERSION = YES;
				GCC_WARN_ABOUT_RETURN_TYPE = YES_ERROR;
				GCC_WARN_UNDECLARED_SELECTOR = YES;
				GCC_WARN_UNINITIALIZED_AUTOS = YES_AGGRESSIVE;
				GCC_WARN_UNUSED_FUNCTION = YES;
				GCC_WARN_UNUSED_VARIABLE = YES;
				IPHONEOS_DEPLOYMENT_TARGET = 14.4;
				MTL_ENABLE_DEBUG_INFO = NO;
				MTL_FAST_MATH = YES;
				SDKROOT = iphoneos;
				SWIFT_COMPILATION_MODE = wholemodule;
				SWIFT_OPTIMIZATION_LEVEL = "-O";
				VALIDATE_PRODUCT = YES;
			};
			name = Release;
		};
		CC3ED6C725F30FA600D16A0A /* Debug */ = {
			isa = XCBuildConfiguration;
			buildSettings = {
				ASSETCATALOG_COMPILER_APPICON_NAME = AppIcon;
				ASSETCATALOG_COMPILER_GLOBAL_ACCENT_COLOR_NAME = AccentColor;
				CODE_SIGN_STYLE = Automatic;
				INFOPLIST_FILE = BookStore/Info.plist;
				IPHONEOS_DEPLOYMENT_TARGET = 14.3;
				LD_RUNPATH_SEARCH_PATHS = (
					"$(inherited)",
					"@executable_path/Frameworks",
				);
				PRODUCT_BUNDLE_IDENTIFIER = tec.BookStore;
				PRODUCT_NAME = "$(TARGET_NAME)";
				SWIFT_VERSION = 5.0;
				TARGETED_DEVICE_FAMILY = "1,2";
			};
			name = Debug;
		};
		CC3ED6C825F30FA600D16A0A /* Release */ = {
			isa = XCBuildConfiguration;
			buildSettings = {
				ASSETCATALOG_COMPILER_APPICON_NAME = AppIcon;
				ASSETCATALOG_COMPILER_GLOBAL_ACCENT_COLOR_NAME = AccentColor;
				CODE_SIGN_STYLE = Automatic;
				INFOPLIST_FILE = BookStore/Info.plist;
				IPHONEOS_DEPLOYMENT_TARGET = 14.3;
				LD_RUNPATH_SEARCH_PATHS = (
					"$(inherited)",
					"@executable_path/Frameworks",
				);
				PRODUCT_BUNDLE_IDENTIFIER = tec.BookStore;
				PRODUCT_NAME = "$(TARGET_NAME)";
				SWIFT_VERSION = 5.0;
				TARGETED_DEVICE_FAMILY = "1,2";
			};
			name = Release;
		};
/* End XCBuildConfiguration section */

/* Begin XCConfigurationList section */
		CC3ED6AD25F30FA400D16A0A /* Build configuration list for PBXProject "BookStore" */ = {
			isa = XCConfigurationList;
			buildConfigurations = (
				CC3ED6C425F30FA600D16A0A /* Debug */,
				CC3ED6C525F30FA600D16A0A /* Release */,
			);
			defaultConfigurationIsVisible = 0;
			defaultConfigurationName = Release;
		};
		CC3ED6C625F30FA600D16A0A /* Build configuration list for PBXNativeTarget "BookStore" */ = {
			isa = XCConfigurationList;
			buildConfigurations = (
				CC3ED6C725F30FA600D16A0A /* Debug */,
				CC3ED6C825F30FA600D16A0A /* Release */,
			);
			defaultConfigurationIsVisible = 0;
			defaultConfigurationName = Release;
		};
/* End XCConfigurationList section */
	};
	rootObject = CC3ED6AA25F30FA400D16A0A /* Project object */;
}
